// !$*UTF8*$!
{
	archiveVersion = 1;
	classes = {
	};
	objectVersion = 48;
	objects = {

/* Begin PBXBuildFile section */
		680AC2DC24CC4697007E4575 /* glad.c in Sources */ = {isa = PBXBuildFile; fileRef = 680AC2DB24CC4692007E4575 /* glad.c */; };
		6814F7C024CC2F9F003038FC /* OpenGL.framework in Frameworks */ = {isa = PBXBuildFile; fileRef = 6814F7BF24CC2F9F003038FC /* OpenGL.framework */; };
		6814F7C224CC2FCF003038FC /* Cocoa.framework in Frameworks */ = {isa = PBXBuildFile; fileRef = 6814F7C124CC2FCF003038FC /* Cocoa.framework */; };
		6814F7C424CC2FFF003038FC /* IOKit.framework in Frameworks */ = {isa = PBXBuildFile; fileRef = 6814F7C324CC2FFF003038FC /* IOKit.framework */; };
		6814F7C624CC300A003038FC /* CoreVideo.framework in Frameworks */ = {isa = PBXBuildFile; fileRef = 6814F7C524CC300A003038FC /* CoreVideo.framework */; };
		6814F7C824CC316B003038FC /* GLUT.framework in Frameworks */ = {isa = PBXBuildFile; fileRef = 6814F7C724CC316B003038FC /* GLUT.framework */; };
		681E2FB524CC2C9A00CA45C5 /* main.cpp in Sources */ = {isa = PBXBuildFile; fileRef = 681E2FB424CC2C9A00CA45C5 /* main.cpp */; };
		68748DA424FBA90500630457 /* glad.c in Sources */ = {isa = PBXBuildFile; fileRef = 68748DA324FBA90500630457 /* glad.c */; };
		68748DAC24FD347F00630457 /* stb_image.cpp in Sources */ = {isa = PBXBuildFile; fileRef = 68748DAA24FD347F00630457 /* stb_image.cpp */; };
		68748E4724FD35D900630457 /* Test_textures.cpp in Sources */ = {isa = PBXBuildFile; fileRef = 68748E4524FD35D900630457 /* Test_textures.cpp */; };
		68748E4A24FE352400630457 /* FileUtils.cpp in Sources */ = {isa = PBXBuildFile; fileRef = 68748E4824FE352400630457 /* FileUtils.cpp */; };
		6876B93B24CF1931003807C0 /* libglfw3.a in Frameworks */ = {isa = PBXBuildFile; fileRef = 681E2FC424CC2CAD00CA45C5 /* libglfw3.a */; };
/* End PBXBuildFile section */

/* Begin PBXContainerItemProxy section */
		680AC29724CC43B1007E4575 /* PBXContainerItemProxy */ = {
			isa = PBXContainerItemProxy;
			containerPortal = 681E2FBB24CC2CAD00CA45C5 /* GLFW.xcodeproj */;
			proxyType = 2;
			remoteGlobalIDString = 7DC2AD4737A04D06B3737764;
			remoteInfo = boing;
		};
		680AC29924CC43B1007E4575 /* PBXContainerItemProxy */ = {
			isa = PBXContainerItemProxy;
			containerPortal = 681E2FBB24CC2CAD00CA45C5 /* GLFW.xcodeproj */;
			proxyType = 2;
			remoteGlobalIDString = 416D746CC36C4D94A95C9DA2;
			remoteInfo = clipboard;
		};
		680AC29B24CC43B1007E4575 /* PBXContainerItemProxy */ = {
			isa = PBXContainerItemProxy;
			containerPortal = 681E2FBB24CC2CAD00CA45C5 /* GLFW.xcodeproj */;
			proxyType = 2;
			remoteGlobalIDString = 3DE6B64CD00E49689BC2E2B2;
			remoteInfo = cursor;
		};
		680AC29D24CC43B1007E4575 /* PBXContainerItemProxy */ = {
			isa = PBXContainerItemProxy;
			containerPortal = 681E2FBB24CC2CAD00CA45C5 /* GLFW.xcodeproj */;
			proxyType = 2;
			remoteGlobalIDString = C5C0DC7898844462B6F47211;
			remoteInfo = empty;
		};
		680AC29F24CC43B1007E4575 /* PBXContainerItemProxy */ = {
			isa = PBXContainerItemProxy;
			containerPortal = 681E2FBB24CC2CAD00CA45C5 /* GLFW.xcodeproj */;
			proxyType = 2;
			remoteGlobalIDString = 8A05F41D4CEB48BA9A9F98B3;
			remoteInfo = events;
		};
		680AC2A124CC43B1007E4575 /* PBXContainerItemProxy */ = {
			isa = PBXContainerItemProxy;
			containerPortal = 681E2FBB24CC2CAD00CA45C5 /* GLFW.xcodeproj */;
			proxyType = 2;
			remoteGlobalIDString = DC988B02D46C4543A5732E57;
			remoteInfo = gamma;
		};
		680AC2A324CC43B1007E4575 /* PBXContainerItemProxy */ = {
			isa = PBXContainerItemProxy;
			containerPortal = 681E2FBB24CC2CAD00CA45C5 /* GLFW.xcodeproj */;
			proxyType = 2;
			remoteGlobalIDString = 238B014EDEDF477B9E8EF79E;
			remoteInfo = gears;
		};
		680AC2A524CC43B1007E4575 /* PBXContainerItemProxy */ = {
			isa = PBXContainerItemProxy;
			containerPortal = 681E2FBB24CC2CAD00CA45C5 /* GLFW.xcodeproj */;
			proxyType = 2;
			remoteGlobalIDString = 1FAB9D87951F4519B439F908;
			remoteInfo = glfwinfo;
		};
		680AC2A724CC43B1007E4575 /* PBXContainerItemProxy */ = {
			isa = PBXContainerItemProxy;
			containerPortal = 681E2FBB24CC2CAD00CA45C5 /* GLFW.xcodeproj */;
			proxyType = 2;
			remoteGlobalIDString = B77C0BF63B494781A33B3117;
			remoteInfo = heightmap;
		};
		680AC2A924CC43B1007E4575 /* PBXContainerItemProxy */ = {
			isa = PBXContainerItemProxy;
			containerPortal = 681E2FBB24CC2CAD00CA45C5 /* GLFW.xcodeproj */;
			proxyType = 2;
			remoteGlobalIDString = 14B5D5F56D40460F91D7628C;
			remoteInfo = icon;
		};
		680AC2AB24CC43B1007E4575 /* PBXContainerItemProxy */ = {
			isa = PBXContainerItemProxy;
			containerPortal = 681E2FBB24CC2CAD00CA45C5 /* GLFW.xcodeproj */;
			proxyType = 2;
			remoteGlobalIDString = 269DD87992984F8EB9F81DD8;
			remoteInfo = iconify;
		};
		680AC2AD24CC43B1007E4575 /* PBXContainerItemProxy */ = {
			isa = PBXContainerItemProxy;
			containerPortal = 681E2FBB24CC2CAD00CA45C5 /* GLFW.xcodeproj */;
			proxyType = 2;
			remoteGlobalIDString = 99A56D998C114606BB3CD981;
			remoteInfo = inputlag;
		};
		680AC2AF24CC43B1007E4575 /* PBXContainerItemProxy */ = {
			isa = PBXContainerItemProxy;
			containerPortal = 681E2FBB24CC2CAD00CA45C5 /* GLFW.xcodeproj */;
			proxyType = 2;
			remoteGlobalIDString = 8025DAD1F93B48CEB111DC83;
			remoteInfo = joysticks;
		};
		680AC2B124CC43B1007E4575 /* PBXContainerItemProxy */ = {
			isa = PBXContainerItemProxy;
			containerPortal = 681E2FBB24CC2CAD00CA45C5 /* GLFW.xcodeproj */;
			proxyType = 2;
			remoteGlobalIDString = 42A068B376AF42E38F4E8C29;
			remoteInfo = monitors;
		};
		680AC2B324CC43B1007E4575 /* PBXContainerItemProxy */ = {
			isa = PBXContainerItemProxy;
			containerPortal = 681E2FBB24CC2CAD00CA45C5 /* GLFW.xcodeproj */;
			proxyType = 2;
			remoteGlobalIDString = 9EC7D492A92B474A910B4FC3;
			remoteInfo = msaa;
		};
		680AC2B524CC43B1007E4575 /* PBXContainerItemProxy */ = {
			isa = PBXContainerItemProxy;
			containerPortal = 681E2FBB24CC2CAD00CA45C5 /* GLFW.xcodeproj */;
			proxyType = 2;
			remoteGlobalIDString = 67F8A5B7044F4E7788636A69;
			remoteInfo = offscreen;
		};
		680AC2B724CC43B1007E4575 /* PBXContainerItemProxy */ = {
			isa = PBXContainerItemProxy;
			containerPortal = 681E2FBB24CC2CAD00CA45C5 /* GLFW.xcodeproj */;
			proxyType = 2;
			remoteGlobalIDString = 3B110580D2AB4DE4B5DE2586;
			remoteInfo = opacity;
		};
		680AC2B924CC43B1007E4575 /* PBXContainerItemProxy */ = {
			isa = PBXContainerItemProxy;
			containerPortal = 681E2FBB24CC2CAD00CA45C5 /* GLFW.xcodeproj */;
			proxyType = 2;
			remoteGlobalIDString = 1ADD59136B9E46F6B77493C5;
			remoteInfo = particles;
		};
		680AC2BB24CC43B1007E4575 /* PBXContainerItemProxy */ = {
			isa = PBXContainerItemProxy;
			containerPortal = 681E2FBB24CC2CAD00CA45C5 /* GLFW.xcodeproj */;
			proxyType = 2;
			remoteGlobalIDString = 9E7D5A78B4164B16B199BB9E;
			remoteInfo = reopen;
		};
		680AC2BD24CC43B1007E4575 /* PBXContainerItemProxy */ = {
			isa = PBXContainerItemProxy;
			containerPortal = 681E2FBB24CC2CAD00CA45C5 /* GLFW.xcodeproj */;
			proxyType = 2;
			remoteGlobalIDString = D1D6ED86878A4A23B96B31C3;
			remoteInfo = sharing;
		};
		680AC2BF24CC43B1007E4575 /* PBXContainerItemProxy */ = {
			isa = PBXContainerItemProxy;
			containerPortal = 681E2FBB24CC2CAD00CA45C5 /* GLFW.xcodeproj */;
			proxyType = 2;
			remoteGlobalIDString = C5E2F2E0C0E54DA2B9FEB6D6;
			remoteInfo = simple;
		};
		680AC2C124CC43B1007E4575 /* PBXContainerItemProxy */ = {
			isa = PBXContainerItemProxy;
			containerPortal = 681E2FBB24CC2CAD00CA45C5 /* GLFW.xcodeproj */;
			proxyType = 2;
			remoteGlobalIDString = 4F09FD9905824735866FD920;
			remoteInfo = splitview;
		};
		680AC2C324CC43B1007E4575 /* PBXContainerItemProxy */ = {
			isa = PBXContainerItemProxy;
			containerPortal = 681E2FBB24CC2CAD00CA45C5 /* GLFW.xcodeproj */;
			proxyType = 2;
			remoteGlobalIDString = 8BA5B9530D2C46559DE169AE;
			remoteInfo = tearing;
		};
		680AC2C524CC43B1007E4575 /* PBXContainerItemProxy */ = {
			isa = PBXContainerItemProxy;
			containerPortal = 681E2FBB24CC2CAD00CA45C5 /* GLFW.xcodeproj */;
			proxyType = 2;
			remoteGlobalIDString = AADEA6C5035B4927B22D840B;
			remoteInfo = threads;
		};
		680AC2C724CC43B1007E4575 /* PBXContainerItemProxy */ = {
			isa = PBXContainerItemProxy;
			containerPortal = 681E2FBB24CC2CAD00CA45C5 /* GLFW.xcodeproj */;
			proxyType = 2;
			remoteGlobalIDString = E5D79DD13E7E48FFBC886CB9;
			remoteInfo = timeout;
		};
		680AC2C924CC43B1007E4575 /* PBXContainerItemProxy */ = {
			isa = PBXContainerItemProxy;
			containerPortal = 681E2FBB24CC2CAD00CA45C5 /* GLFW.xcodeproj */;
			proxyType = 2;
			remoteGlobalIDString = E26F948E89EA4E2A9D95720E;
			remoteInfo = title;
		};
		680AC2CB24CC43B1007E4575 /* PBXContainerItemProxy */ = {
			isa = PBXContainerItemProxy;
			containerPortal = 681E2FBB24CC2CAD00CA45C5 /* GLFW.xcodeproj */;
			proxyType = 2;
			remoteGlobalIDString = EF796CD85FEA4A878E33B95E;
			remoteInfo = "triangle-vulkan";
		};
		680AC2CD24CC43B1007E4575 /* PBXContainerItemProxy */ = {
			isa = PBXContainerItemProxy;
			containerPortal = 681E2FBB24CC2CAD00CA45C5 /* GLFW.xcodeproj */;
			proxyType = 2;
			remoteGlobalIDString = 7DD64160AB1341FE8CE49AF7;
			remoteInfo = wave;
		};
		680AC2CF24CC43B1007E4575 /* PBXContainerItemProxy */ = {
			isa = PBXContainerItemProxy;
			containerPortal = 681E2FBB24CC2CAD00CA45C5 /* GLFW.xcodeproj */;
			proxyType = 2;
			remoteGlobalIDString = 02E222F98F00479E8305DD0C;
			remoteInfo = windows;
		};
		6814F7CC24CC35BE003038FC /* PBXContainerItemProxy */ = {
			isa = PBXContainerItemProxy;
			containerPortal = 681E2FBB24CC2CAD00CA45C5 /* GLFW.xcodeproj */;
			proxyType = 1;
			remoteGlobalIDString = B886E3B8EFD04949A79E40CA;
			remoteInfo = glfw;
		};
		681E2FC324CC2CAD00CA45C5 /* PBXContainerItemProxy */ = {
			isa = PBXContainerItemProxy;
			containerPortal = 681E2FBB24CC2CAD00CA45C5 /* GLFW.xcodeproj */;
			proxyType = 2;
			remoteGlobalIDString = 38D6BD9C0FB7470FAED627BE;
			remoteInfo = glfw;
		};
/* End PBXContainerItemProxy section */

/* Begin PBXCopyFilesBuildPhase section */
		681E2FAF24CC2C9A00CA45C5 /* CopyFiles */ = {
			isa = PBXCopyFilesBuildPhase;
			buildActionMask = 2147483647;
			dstPath = /usr/share/man/man1/;
			dstSubfolderSpec = 0;
			files = (
			);
			runOnlyForDeploymentPostprocessing = 1;
		};
/* End PBXCopyFilesBuildPhase section */

/* Begin PBXFileReference section */
		680AC2D724CC4691007E4575 /* khrplatform.h */ = {isa = PBXFileReference; lastKnownFileType = sourcecode.c.h; path = khrplatform.h; sourceTree = "<group>"; };
		680AC2D924CC4691007E4575 /* glad.h */ = {isa = PBXFileReference; lastKnownFileType = sourcecode.c.h; path = glad.h; sourceTree = "<group>"; };
		680AC2DB24CC4692007E4575 /* glad.c */ = {isa = PBXFileReference; lastKnownFileType = sourcecode.c.c; path = glad.c; sourceTree = "<group>"; };
		6814F7BF24CC2F9F003038FC /* OpenGL.framework */ = {isa = PBXFileReference; lastKnownFileType = wrapper.framework; name = OpenGL.framework; path = System/Library/Frameworks/OpenGL.framework; sourceTree = SDKROOT; };
		6814F7C124CC2FCF003038FC /* Cocoa.framework */ = {isa = PBXFileReference; lastKnownFileType = wrapper.framework; name = Cocoa.framework; path = System/Library/Frameworks/Cocoa.framework; sourceTree = SDKROOT; };
		6814F7C324CC2FFF003038FC /* IOKit.framework */ = {isa = PBXFileReference; lastKnownFileType = wrapper.framework; name = IOKit.framework; path = System/Library/Frameworks/IOKit.framework; sourceTree = SDKROOT; };
		6814F7C524CC300A003038FC /* CoreVideo.framework */ = {isa = PBXFileReference; lastKnownFileType = wrapper.framework; name = CoreVideo.framework; path = System/Library/Frameworks/CoreVideo.framework; sourceTree = SDKROOT; };
		6814F7C724CC316B003038FC /* GLUT.framework */ = {isa = PBXFileReference; lastKnownFileType = wrapper.framework; name = GLUT.framework; path = System/Library/Frameworks/GLUT.framework; sourceTree = SDKROOT; };
		6814F7C924CC31B2003038FC /* libglfw3.a */ = {isa = PBXFileReference; lastKnownFileType = archive.ar; name = libglfw3.a; path = "../glfw-3.3.2/build/src/Debug/libglfw3.a"; sourceTree = "<group>"; };
		681E2FB124CC2C9A00CA45C5 /* opengltest */ = {isa = PBXFileReference; explicitFileType = "compiled.mach-o.executable"; includeInIndex = 0; path = opengltest; sourceTree = BUILT_PRODUCTS_DIR; };
		681E2FB424CC2C9A00CA45C5 /* main.cpp */ = {isa = PBXFileReference; lastKnownFileType = sourcecode.cpp.cpp; path = main.cpp; sourceTree = "<group>"; };
		681E2FBB24CC2CAD00CA45C5 /* GLFW.xcodeproj */ = {isa = PBXFileReference; lastKnownFileType = "wrapper.pb-project"; name = GLFW.xcodeproj; path = "../glfw-3.3.2/build/GLFW.xcodeproj"; sourceTree = "<group>"; };
		68748D9724FA4EF900630457 /* Shader.cpp */ = {isa = PBXFileReference; lastKnownFileType = sourcecode.cpp.cpp; path = Shader.cpp; sourceTree = "<group>"; };
		68748D9824FA4EF900630457 /* Shader.hpp */ = {isa = PBXFileReference; lastKnownFileType = sourcecode.cpp.h; path = Shader.hpp; sourceTree = "<group>"; };
		68748DA324FBA90500630457 /* glad.c */ = {isa = PBXFileReference; fileEncoding = 4; lastKnownFileType = sourcecode.c.c; path = glad.c; sourceTree = "<group>"; };
		68748DA724FBA93700630457 /* khrplatform.h */ = {isa = PBXFileReference; fileEncoding = 4; lastKnownFileType = sourcecode.c.h; path = khrplatform.h; sourceTree = "<group>"; };
		68748DA924FBA93700630457 /* glad.h */ = {isa = PBXFileReference; fileEncoding = 4; lastKnownFileType = sourcecode.c.h; path = glad.h; sourceTree = "<group>"; };
		68748DAA24FD347F00630457 /* stb_image.cpp */ = {isa = PBXFileReference; lastKnownFileType = sourcecode.cpp.cpp; path = stb_image.cpp; sourceTree = "<group>"; };
		68748DAB24FD347F00630457 /* stb_image.hpp */ = {isa = PBXFileReference; lastKnownFileType = sourcecode.cpp.h; path = stb_image.hpp; sourceTree = "<group>"; };
		68748DAF24FD356600630457 /* Antonio-Regular.ttf */ = {isa = PBXFileReference; lastKnownFileType = file; path = "Antonio-Regular.ttf"; sourceTree = "<group>"; };
		68748DB024FD356600630457 /* SIL Open Font License.txt */ = {isa = PBXFileReference; fileEncoding = 4; lastKnownFileType = text; path = "SIL Open Font License.txt"; sourceTree = "<group>"; };
		68748DB124FD356600630457 /* Antonio-Light.ttf */ = {isa = PBXFileReference; lastKnownFileType = file; path = "Antonio-Light.ttf"; sourceTree = "<group>"; };
		68748DB224FD356600630457 /* OCRAEXT.TTF */ = {isa = PBXFileReference; lastKnownFileType = file; path = OCRAEXT.TTF; sourceTree = "<group>"; };
		68748DB324FD356600630457 /* Antonio-Bold.ttf */ = {isa = PBXFileReference; lastKnownFileType = file; path = "Antonio-Bold.ttf"; sourceTree = "<group>"; };
		68748DB524FD356600630457 /* one.lvl */ = {isa = PBXFileReference; fileEncoding = 4; lastKnownFileType = text; path = one.lvl; sourceTree = "<group>"; };
		68748DB624FD356600630457 /* three.lvl */ = {isa = PBXFileReference; fileEncoding = 4; lastKnownFileType = text; path = three.lvl; sourceTree = "<group>"; };
		68748DB724FD356600630457 /* four.lvl */ = {isa = PBXFileReference; fileEncoding = 4; lastKnownFileType = text; path = four.lvl; sourceTree = "<group>"; };
		68748DB824FD356600630457 /* two.lvl */ = {isa = PBXFileReference; fileEncoding = 4; lastKnownFileType = text; path = two.lvl; sourceTree = "<group>"; };
		68748DBA24FD356600630457 /* container2_specular_colored.png */ = {isa = PBXFileReference; lastKnownFileType = image.png; path = container2_specular_colored.png; sourceTree = "<group>"; };
		68748DBB24FD356600630457 /* container.jpg */ = {isa = PBXFileReference; lastKnownFileType = image.jpeg; path = container.jpg; sourceTree = "<group>"; };
		68748DBC24FD356600630457 /* powerup_speed.png */ = {isa = PBXFileReference; lastKnownFileType = image.png; path = powerup_speed.png; sourceTree = "<group>"; };
		68748DBD24FD356600630457 /* metal.png */ = {isa = PBXFileReference; lastKnownFileType = image.png; path = metal.png; sourceTree = "<group>"; };
		68748DBE24FD356600630457 /* block_solid.png */ = {isa = PBXFileReference; lastKnownFileType = image.png; path = block_solid.png; sourceTree = "<group>"; };
		68748DBF24FD356600630457 /* toy_box_disp.png */ = {isa = PBXFileReference; lastKnownFileType = image.png; path = toy_box_disp.png; sourceTree = "<group>"; };
		68748DC024FD356600630457 /* container2_specular.png */ = {isa = PBXFileReference; lastKnownFileType = image.png; path = container2_specular.png; sourceTree = "<group>"; };
		68748DC124FD356600630457 /* powerup_passthrough.png */ = {isa = PBXFileReference; lastKnownFileType = image.png; path = powerup_passthrough.png; sourceTree = "<group>"; };
		68748DC224FD356600630457 /* paddle.png */ = {isa = PBXFileReference; lastKnownFileType = image.png; path = paddle.png; sourceTree = "<group>"; };
		68748DC424FD356600630457 /* newport_loft.hdr */ = {isa = PBXFileReference; lastKnownFileType = file; path = newport_loft.hdr; sourceTree = "<group>"; };
		68748DC524FD356600630457 /* bricks2_disp.jpg */ = {isa = PBXFileReference; lastKnownFileType = image.jpeg; path = bricks2_disp.jpg; sourceTree = "<group>"; };
		68748DC624FD356600630457 /* brickwall.jpg */ = {isa = PBXFileReference; lastKnownFileType = image.jpeg; path = brickwall.jpg; sourceTree = "<group>"; };
		68748DC724FD356600630457 /* toy_box_normal.png */ = {isa = PBXFileReference; lastKnownFileType = image.png; path = toy_box_normal.png; sourceTree = "<group>"; };
		68748DC824FD356600630457 /* wood.png */ = {isa = PBXFileReference; lastKnownFileType = image.png; path = wood.png; sourceTree = "<group>"; };
		68748DC924FD356600630457 /* matrix.jpg */ = {isa = PBXFileReference; lastKnownFileType = image.jpeg; path = matrix.jpg; sourceTree = "<group>"; };
		68748DCA24FD356600630457 /* brickwall_normal.jpg */ = {isa = PBXFileReference; lastKnownFileType = image.jpeg; path = brickwall_normal.jpg; sourceTree = "<group>"; };
		68748DCB24FD356600630457 /* background.jpg */ = {isa = PBXFileReference; lastKnownFileType = image.jpeg; path = background.jpg; sourceTree = "<group>"; };
		68748DCC24FD356600630457 /* bricks2_normal.jpg */ = {isa = PBXFileReference; lastKnownFileType = image.jpeg; path = bricks2_normal.jpg; sourceTree = "<group>"; };
		68748DCD24FD356600630457 /* powerup_sticky.png */ = {isa = PBXFileReference; lastKnownFileType = image.png; path = powerup_sticky.png; sourceTree = "<group>"; };
		68748DCE24FD356600630457 /* block.png */ = {isa = PBXFileReference; lastKnownFileType = image.png; path = block.png; sourceTree = "<group>"; };
		68748DCF24FD356600630457 /* grass.png */ = {isa = PBXFileReference; lastKnownFileType = image.png; path = grass.png; sourceTree = "<group>"; };
		68748DD024FD356600630457 /* container2.png */ = {isa = PBXFileReference; lastKnownFileType = image.png; path = container2.png; sourceTree = "<group>"; };
		68748DD124FD356600630457 /* window.png */ = {isa = PBXFileReference; lastKnownFileType = image.png; path = window.png; sourceTree = "<group>"; };
		68748DD224FD356600630457 /* powerup_chaos.png */ = {isa = PBXFileReference; lastKnownFileType = image.png; path = powerup_chaos.png; sourceTree = "<group>"; };
		68748DD324FD356600630457 /* powerup_confuse.png */ = {isa = PBXFileReference; lastKnownFileType = image.png; path = powerup_confuse.png; sourceTree = "<group>"; };
		68748DD424FD356600630457 /* awesomeface.png */ = {isa = PBXFileReference; lastKnownFileType = image.png; path = awesomeface.png; sourceTree = "<group>"; };
		68748DD624FD356600630457 /* bottom.jpg */ = {isa = PBXFileReference; lastKnownFileType = image.jpeg; path = bottom.jpg; sourceTree = "<group>"; };
		68748DD724FD356600630457 /* left.jpg */ = {isa = PBXFileReference; lastKnownFileType = image.jpeg; path = left.jpg; sourceTree = "<group>"; };
		68748DD824FD356600630457 /* top.jpg */ = {isa = PBXFileReference; lastKnownFileType = image.jpeg; path = top.jpg; sourceTree = "<group>"; };
		68748DD924FD356600630457 /* back.jpg */ = {isa = PBXFileReference; lastKnownFileType = image.jpeg; path = back.jpg; sourceTree = "<group>"; };
		68748DDA24FD356600630457 /* right.jpg */ = {isa = PBXFileReference; lastKnownFileType = image.jpeg; path = right.jpg; sourceTree = "<group>"; };
		68748DDB24FD356600630457 /* front.jpg */ = {isa = PBXFileReference; lastKnownFileType = image.jpeg; path = front.jpg; sourceTree = "<group>"; };
		68748DDC24FD356600630457 /* bricks2.jpg */ = {isa = PBXFileReference; lastKnownFileType = image.jpeg; path = bricks2.jpg; sourceTree = "<group>"; };
		68748DDD24FD356600630457 /* marble.jpg */ = {isa = PBXFileReference; lastKnownFileType = image.jpeg; path = marble.jpg; sourceTree = "<group>"; };
		68748DDE24FD356600630457 /* powerup_increase.png */ = {isa = PBXFileReference; lastKnownFileType = image.png; path = powerup_increase.png; sourceTree = "<group>"; };
		68748DDF24FD356600630457 /* particle.png */ = {isa = PBXFileReference; lastKnownFileType = image.png; path = particle.png; sourceTree = "<group>"; };
		68748DE024FD356600630457 /* toy_box_diffuse.png */ = {isa = PBXFileReference; lastKnownFileType = image.png; path = toy_box_diffuse.png; sourceTree = "<group>"; };
		68748DE324FD356600630457 /* albedo.png */ = {isa = PBXFileReference; lastKnownFileType = image.png; path = albedo.png; sourceTree = "<group>"; };
		68748DE424FD356600630457 /* metallic.png */ = {isa = PBXFileReference; lastKnownFileType = image.png; path = metallic.png; sourceTree = "<group>"; };
		68748DE524FD356600630457 /* normal.png */ = {isa = PBXFileReference; lastKnownFileType = image.png; path = normal.png; sourceTree = "<group>"; };
		68748DE624FD356600630457 /* ao.png */ = {isa = PBXFileReference; lastKnownFileType = image.png; path = ao.png; sourceTree = "<group>"; };
		68748DE724FD356600630457 /* roughness.png */ = {isa = PBXFileReference; lastKnownFileType = image.png; path = roughness.png; sourceTree = "<group>"; };
		68748DE924FD356600630457 /* albedo.png */ = {isa = PBXFileReference; lastKnownFileType = image.png; path = albedo.png; sourceTree = "<group>"; };
		68748DEA24FD356600630457 /* metallic.png */ = {isa = PBXFileReference; lastKnownFileType = image.png; path = metallic.png; sourceTree = "<group>"; };
		68748DEB24FD356600630457 /* normal.png */ = {isa = PBXFileReference; lastKnownFileType = image.png; path = normal.png; sourceTree = "<group>"; };
		68748DEC24FD356600630457 /* ao.png */ = {isa = PBXFileReference; lastKnownFileType = image.png; path = ao.png; sourceTree = "<group>"; };
		68748DED24FD356600630457 /* roughness.png */ = {isa = PBXFileReference; lastKnownFileType = image.png; path = roughness.png; sourceTree = "<group>"; };
		68748DEF24FD356600630457 /* albedo.png */ = {isa = PBXFileReference; lastKnownFileType = image.png; path = albedo.png; sourceTree = "<group>"; };
		68748DF024FD356600630457 /* metallic.png */ = {isa = PBXFileReference; lastKnownFileType = image.png; path = metallic.png; sourceTree = "<group>"; };
		68748DF124FD356600630457 /* normal.png */ = {isa = PBXFileReference; lastKnownFileType = image.png; path = normal.png; sourceTree = "<group>"; };
		68748DF224FD356600630457 /* ao.png */ = {isa = PBXFileReference; lastKnownFileType = image.png; path = ao.png; sourceTree = "<group>"; };
		68748DF324FD356600630457 /* roughness.png */ = {isa = PBXFileReference; lastKnownFileType = image.png; path = roughness.png; sourceTree = "<group>"; };
		68748DF524FD356600630457 /* albedo.png */ = {isa = PBXFileReference; lastKnownFileType = image.png; path = albedo.png; sourceTree = "<group>"; };
		68748DF624FD356600630457 /* metallic.png */ = {isa = PBXFileReference; lastKnownFileType = image.png; path = metallic.png; sourceTree = "<group>"; };
		68748DF724FD356600630457 /* normal.png */ = {isa = PBXFileReference; lastKnownFileType = image.png; path = normal.png; sourceTree = "<group>"; };
		68748DF824FD356600630457 /* ao.png */ = {isa = PBXFileReference; lastKnownFileType = image.png; path = ao.png; sourceTree = "<group>"; };
		68748DF924FD356600630457 /* roughness.png */ = {isa = PBXFileReference; lastKnownFileType = image.png; path = roughness.png; sourceTree = "<group>"; };
		68748DFB24FD356600630457 /* albedo.png */ = {isa = PBXFileReference; lastKnownFileType = image.png; path = albedo.png; sourceTree = "<group>"; };
		68748DFC24FD356600630457 /* metallic.png */ = {isa = PBXFileReference; lastKnownFileType = image.png; path = metallic.png; sourceTree = "<group>"; };
		68748DFD24FD356600630457 /* normal.png */ = {isa = PBXFileReference; lastKnownFileType = image.png; path = normal.png; sourceTree = "<group>"; };
		68748DFE24FD356600630457 /* ao.png */ = {isa = PBXFileReference; lastKnownFileType = image.png; path = ao.png; sourceTree = "<group>"; };
		68748DFF24FD356600630457 /* roughness.png */ = {isa = PBXFileReference; lastKnownFileType = image.png; path = roughness.png; sourceTree = "<group>"; };
		68748E0224FD356700630457 /* hand_showroom_refl.png */ = {isa = PBXFileReference; lastKnownFileType = image.png; path = hand_showroom_refl.png; sourceTree = "<group>"; };
		68748E0324FD356700630457 /* body_showroom_ddn.png */ = {isa = PBXFileReference; lastKnownFileType = image.png; path = body_showroom_ddn.png; sourceTree = "<group>"; };
		68748E0424FD356700630457 /* helmet_showroom_ddn.png */ = {isa = PBXFileReference; lastKnownFileType = image.png; path = helmet_showroom_ddn.png; sourceTree = "<group>"; };
		68748E0524FD356700630457 /* arm_showroom_ddn.png */ = {isa = PBXFileReference; lastKnownFileType = image.png; path = arm_showroom_ddn.png; sourceTree = "<group>"; };
		68748E0624FD356700630457 /* arm_showroom_spec.png */ = {isa = PBXFileReference; lastKnownFileType = image.png; path = arm_showroom_spec.png; sourceTree = "<group>"; };
		68748E0724FD356700630457 /* leg_dif.png */ = {isa = PBXFileReference; lastKnownFileType = image.png; path = leg_dif.png; sourceTree = "<group>"; };
		68748E0824FD356700630457 /* arm_showroom_refl.png */ = {isa = PBXFileReference; lastKnownFileType = image.png; path = arm_showroom_refl.png; sourceTree = "<group>"; };
		68748E0924FD356700630457 /* cell_body_alpha.png */ = {isa = PBXFileReference; lastKnownFileType = image.png; path = cell_body_alpha.png; sourceTree = "<group>"; };
		68748E0A24FD356700630457 /* hand_showroom_spec.png */ = {isa = PBXFileReference; lastKnownFileType = image.png; path = hand_showroom_spec.png; sourceTree = "<group>"; };
		68748E0B24FD356700630457 /* glass_ddn.png */ = {isa = PBXFileReference; lastKnownFileType = image.png; path = glass_ddn.png; sourceTree = "<group>"; };
		68748E0C24FD356700630457 /* glass_refl.png */ = {isa = PBXFileReference; lastKnownFileType = image.png; path = glass_refl.png; sourceTree = "<group>"; };
		68748E0D24FD356700630457 /* cell_hand_alpha.png */ = {isa = PBXFileReference; lastKnownFileType = image.png; path = cell_hand_alpha.png; sourceTree = "<group>"; };
		68748E0E24FD356700630457 /* nanosuit.mtl */ = {isa = PBXFileReference; fileEncoding = 4; lastKnownFileType = text; path = nanosuit.mtl; sourceTree = "<group>"; };
		68748E0F24FD356700630457 /* body_dif.png */ = {isa = PBXFileReference; lastKnownFileType = image.png; path = body_dif.png; sourceTree = "<group>"; };
		68748E1024FD356700630457 /* hand_showroom_ddn.png */ = {isa = PBXFileReference; lastKnownFileType = image.png; path = hand_showroom_ddn.png; sourceTree = "<group>"; };
		68748E1124FD356700630457 /* body_showroom_refl.png */ = {isa = PBXFileReference; lastKnownFileType = image.png; path = body_showroom_refl.png; sourceTree = "<group>"; };
		68748E1224FD356700630457 /* glass_dif.png */ = {isa = PBXFileReference; lastKnownFileType = image.png; path = glass_dif.png; sourceTree = "<group>"; };
		68748E1324FD356700630457 /* arm_dif.png */ = {isa = PBXFileReference; lastKnownFileType = image.png; path = arm_dif.png; sourceTree = "<group>"; };
		68748E1424FD356700630457 /* cell_leg_alpha.png */ = {isa = PBXFileReference; lastKnownFileType = image.png; path = cell_leg_alpha.png; sourceTree = "<group>"; };
		68748E1524FD356700630457 /* helmet_diff.png */ = {isa = PBXFileReference; lastKnownFileType = image.png; path = helmet_diff.png; sourceTree = "<group>"; };
		68748E1624FD356700630457 /* nanosuit.obj */ = {isa = PBXFileReference; fileEncoding = 4; lastKnownFileType = text; path = nanosuit.obj; sourceTree = "<group>"; };
		68748E1724FD356700630457 /* leg_showroom_refl.png */ = {isa = PBXFileReference; lastKnownFileType = image.png; path = leg_showroom_refl.png; sourceTree = "<group>"; };
		68748E1824FD356700630457 /* cell_helmet_alpha.png */ = {isa = PBXFileReference; lastKnownFileType = image.png; path = cell_helmet_alpha.png; sourceTree = "<group>"; };
		68748E1924FD356700630457 /* leg_showroom_ddn.png */ = {isa = PBXFileReference; lastKnownFileType = image.png; path = leg_showroom_ddn.png; sourceTree = "<group>"; };
		68748E1A24FD356700630457 /* helmet_showroom_refl.png */ = {isa = PBXFileReference; lastKnownFileType = image.png; path = helmet_showroom_refl.png; sourceTree = "<group>"; };
		68748E1B24FD356700630457 /* cell_arm_alpha.png */ = {isa = PBXFileReference; lastKnownFileType = image.png; path = cell_arm_alpha.png; sourceTree = "<group>"; };
		68748E1C24FD356700630457 /* helmet_showroom_spec.png */ = {isa = PBXFileReference; lastKnownFileType = image.png; path = helmet_showroom_spec.png; sourceTree = "<group>"; };
		68748E1D24FD356700630457 /* leg_showroom_spec.png */ = {isa = PBXFileReference; lastKnownFileType = image.png; path = leg_showroom_spec.png; sourceTree = "<group>"; };
		68748E1E24FD356700630457 /* cell_ddn.png */ = {isa = PBXFileReference; lastKnownFileType = image.png; path = cell_ddn.png; sourceTree = "<group>"; };
		68748E1F24FD356700630457 /* body_showroom_spec.png */ = {isa = PBXFileReference; lastKnownFileType = image.png; path = body_showroom_spec.png; sourceTree = "<group>"; };
		68748E2024FD356700630457 /* back.jpg */ = {isa = PBXFileReference; lastKnownFileType = image.jpeg; path = back.jpg; sourceTree = "<group>"; };
		68748E2124FD356700630457 /* front.jpg */ = {isa = PBXFileReference; lastKnownFileType = image.jpeg; path = front.jpg; sourceTree = "<group>"; };
		68748E2224FD356700630457 /* hand_dif.png */ = {isa = PBXFileReference; lastKnownFileType = image.png; path = hand_dif.png; sourceTree = "<group>"; };
		68748E2424FD356700630457 /* mars.png */ = {isa = PBXFileReference; lastKnownFileType = image.png; path = mars.png; sourceTree = "<group>"; };
		68748E2524FD356700630457 /* planet.obj */ = {isa = PBXFileReference; fileEncoding = 4; lastKnownFileType = text; path = planet.obj; sourceTree = "<group>"; };
		68748E2624FD356700630457 /* source.txt */ = {isa = PBXFileReference; fileEncoding = 4; lastKnownFileType = text; path = source.txt; sourceTree = "<group>"; };
		68748E2724FD356700630457 /* planet.mtl */ = {isa = PBXFileReference; fileEncoding = 4; lastKnownFileType = text; path = planet.mtl; sourceTree = "<group>"; };
		68748E2924FD356700630457 /* rock.obj */ = {isa = PBXFileReference; fileEncoding = 4; lastKnownFileType = text; path = rock.obj; sourceTree = "<group>"; };
		68748E2A24FD356700630457 /* rock.png */ = {isa = PBXFileReference; lastKnownFileType = image.png; path = rock.png; sourceTree = "<group>"; };
		68748E2B24FD356700630457 /* rock.mtl */ = {isa = PBXFileReference; fileEncoding = 4; lastKnownFileType = text; path = rock.mtl; sourceTree = "<group>"; };
		68748E2D24FD356700630457 /* source_attribution.txt */ = {isa = PBXFileReference; fileEncoding = 4; lastKnownFileType = text; path = source_attribution.txt; sourceTree = "<group>"; };
		68748E2E24FD356700630457 /* backpack.obj */ = {isa = PBXFileReference; fileEncoding = 4; lastKnownFileType = text; path = backpack.obj; sourceTree = "<group>"; };
		68748E2F24FD356700630457 /* diffuse.jpg */ = {isa = PBXFileReference; lastKnownFileType = image.jpeg; path = diffuse.jpg; sourceTree = "<group>"; };
		68748E3024FD356700630457 /* specular.jpg */ = {isa = PBXFileReference; lastKnownFileType = image.jpeg; path = specular.jpg; sourceTree = "<group>"; };
		68748E3124FD356700630457 /* normal.png */ = {isa = PBXFileReference; lastKnownFileType = image.png; path = normal.png; sourceTree = "<group>"; };
		68748E3224FD356700630457 /* ao.jpg */ = {isa = PBXFileReference; lastKnownFileType = image.jpeg; path = ao.jpg; sourceTree = "<group>"; };
		68748E3324FD356700630457 /* roughness.jpg */ = {isa = PBXFileReference; lastKnownFileType = image.jpeg; path = roughness.jpg; sourceTree = "<group>"; };
		68748E3424FD356700630457 /* backpack.mtl */ = {isa = PBXFileReference; fileEncoding = 4; lastKnownFileType = text; path = backpack.mtl; sourceTree = "<group>"; };
		68748E3624FD356700630457 /* cyborg.obj */ = {isa = PBXFileReference; fileEncoding = 4; lastKnownFileType = text; path = cyborg.obj; sourceTree = "<group>"; };
		68748E3724FD356700630457 /* cyborg.blend1 */ = {isa = PBXFileReference; lastKnownFileType = file; path = cyborg.blend1; sourceTree = "<group>"; };
		68748E3824FD356700630457 /* cyborg.blend */ = {isa = PBXFileReference; lastKnownFileType = file; path = cyborg.blend; sourceTree = "<group>"; };
		68748E3924FD356700630457 /* cyborg_normal.png */ = {isa = PBXFileReference; lastKnownFileType = image.png; path = cyborg_normal.png; sourceTree = "<group>"; };
		68748E3A24FD356700630457 /* cyborg_diffuse.png */ = {isa = PBXFileReference; lastKnownFileType = image.png; path = cyborg_diffuse.png; sourceTree = "<group>"; };
		68748E3B24FD356700630457 /* cyborg_specular.png */ = {isa = PBXFileReference; lastKnownFileType = image.png; path = cyborg_specular.png; sourceTree = "<group>"; };
		68748E3C24FD356700630457 /* cyborg.mtl */ = {isa = PBXFileReference; fileEncoding = 4; lastKnownFileType = text; path = cyborg.mtl; sourceTree = "<group>"; };
		68748E3D24FD356700630457 /* LICENSE.txt */ = {isa = PBXFileReference; fileEncoding = 4; lastKnownFileType = text; path = LICENSE.txt; sourceTree = "<group>"; };
		68748E3F24FD356700630457 /* powerup.wav */ = {isa = PBXFileReference; lastKnownFileType = audio.wav; path = powerup.wav; sourceTree = "<group>"; };
		68748E4024FD356700630457 /* bleep.mp3 */ = {isa = PBXFileReference; lastKnownFileType = audio.mp3; path = bleep.mp3; sourceTree = "<group>"; };
		68748E4124FD356700630457 /* solid.wav */ = {isa = PBXFileReference; lastKnownFileType = audio.wav; path = solid.wav; sourceTree = "<group>"; };
		68748E4224FD356700630457 /* bleep.wav */ = {isa = PBXFileReference; lastKnownFileType = audio.wav; path = bleep.wav; sourceTree = "<group>"; };
		68748E4324FD356700630457 /* breakout.mp3 */ = {isa = PBXFileReference; lastKnownFileType = audio.mp3; path = breakout.mp3; sourceTree = "<group>"; };
		68748E4524FD35D900630457 /* Test_textures.cpp */ = {isa = PBXFileReference; lastKnownFileType = sourcecode.cpp.cpp; path = Test_textures.cpp; sourceTree = "<group>"; };
		68748E4624FD35D900630457 /* Test_textures.hpp */ = {isa = PBXFileReference; lastKnownFileType = sourcecode.cpp.h; path = Test_textures.hpp; sourceTree = "<group>"; };
		68748E4824FE352400630457 /* FileUtils.cpp */ = {isa = PBXFileReference; lastKnownFileType = sourcecode.cpp.cpp; path = FileUtils.cpp; sourceTree = "<group>"; };
		68748E4924FE352400630457 /* FileUtils.hpp */ = {isa = PBXFileReference; lastKnownFileType = sourcecode.cpp.h; path = FileUtils.hpp; sourceTree = "<group>"; };
		68748E4B24FE50AE00630457 /* shader_textures.vs */ = {isa = PBXFileReference; lastKnownFileType = sourcecode.glsl; path = shader_textures.vs; sourceTree = "<group>"; };
		68748E4C24FE50C000630457 /* shader_textures.fs */ = {isa = PBXFileReference; lastKnownFileType = sourcecode.glsl; path = shader_textures.fs; sourceTree = "<group>"; };
		6876B93824CF0E32003807C0 /* libglfw3.a */ = {isa = PBXFileReference; lastKnownFileType = archive.ar; path = libglfw3.a; sourceTree = "<group>"; };
/* End PBXFileReference section */

/* Begin PBXFrameworksBuildPhase section */
		681E2FAE24CC2C9A00CA45C5 /* Frameworks */ = {
			isa = PBXFrameworksBuildPhase;
			buildActionMask = 2147483647;
			files = (
				6876B93B24CF1931003807C0 /* libglfw3.a in Frameworks */,
				6814F7C824CC316B003038FC /* GLUT.framework in Frameworks */,
				6814F7C424CC2FFF003038FC /* IOKit.framework in Frameworks */,
				6814F7C624CC300A003038FC /* CoreVideo.framework in Frameworks */,
				6814F7C024CC2F9F003038FC /* OpenGL.framework in Frameworks */,
				6814F7C224CC2FCF003038FC /* Cocoa.framework in Frameworks */,
			);
			runOnlyForDeploymentPostprocessing = 0;
		};
/* End PBXFrameworksBuildPhase section */

/* Begin PBXGroup section */
		680AC2D524CC4691007E4575 /* include */ = {
			isa = PBXGroup;
			children = (
				680AC2D624CC4691007E4575 /* KHR */,
				680AC2D824CC4691007E4575 /* glad */,
			);
			name = include;
			path = ../../../../../Users/playcrab/Downloads/glad/include;
			sourceTree = "<group>";
		};
		680AC2D624CC4691007E4575 /* KHR */ = {
			isa = PBXGroup;
			children = (
				680AC2D724CC4691007E4575 /* khrplatform.h */,
			);
			path = KHR;
			sourceTree = "<group>";
		};
		680AC2D824CC4691007E4575 /* glad */ = {
			isa = PBXGroup;
			children = (
				680AC2D924CC4691007E4575 /* glad.h */,
			);
			path = glad;
			sourceTree = "<group>";
		};
		680AC2DA24CC4692007E4575 /* src */ = {
			isa = PBXGroup;
			children = (
				680AC2DB24CC4692007E4575 /* glad.c */,
			);
			name = src;
			path = ../../../../../Users/playcrab/Downloads/glad/src;
			sourceTree = "<group>";
		};
		681E2FA824CC2C9A00CA45C5 = {
			isa = PBXGroup;
			children = (
				68748DAD24FD34F500630457 /* resources */,
				681E2FBB24CC2CAD00CA45C5 /* GLFW.xcodeproj */,
				681E2FB324CC2C9A00CA45C5 /* opengltest */,
				681E2FB224CC2C9A00CA45C5 /* Products */,
				681E2FC524CC2CB600CA45C5 /* Frameworks */,
			);
			sourceTree = "<group>";
		};
		681E2FB224CC2C9A00CA45C5 /* Products */ = {
			isa = PBXGroup;
			children = (
				681E2FB124CC2C9A00CA45C5 /* opengltest */,
			);
			name = Products;
			sourceTree = "<group>";
		};
		681E2FB324CC2C9A00CA45C5 /* opengltest */ = {
			isa = PBXGroup;
			children = (
				68748E4424FD359200630457 /* test */,
				68748DA524FBA93700630457 /* include */,
				68748DA224FBA90500630457 /* src */,
				68748D9624FA4EF900630457 /* util */,
				681E2FB424CC2C9A00CA45C5 /* main.cpp */,
			);
			path = opengltest;
			sourceTree = "<group>";
		};
		681E2FBC24CC2CAD00CA45C5 /* Products */ = {
			isa = PBXGroup;
			children = (
				680AC29824CC43B1007E4575 /* boing */,
				680AC29A24CC43B1007E4575 /* clipboard */,
				680AC29C24CC43B1007E4575 /* cursor */,
				680AC29E24CC43B1007E4575 /* empty */,
				680AC2A024CC43B1007E4575 /* events */,
				680AC2A224CC43B1007E4575 /* gamma */,
				680AC2A424CC43B1007E4575 /* gears */,
				681E2FC424CC2CAD00CA45C5 /* libglfw3.a */,
				680AC2A624CC43B1007E4575 /* glfwinfo */,
				680AC2A824CC43B1007E4575 /* heightmap */,
				680AC2AA24CC43B1007E4575 /* icon */,
				680AC2AC24CC43B1007E4575 /* iconify */,
				680AC2AE24CC43B1007E4575 /* inputlag */,
				680AC2B024CC43B1007E4575 /* joysticks */,
				680AC2B224CC43B1007E4575 /* monitors */,
				680AC2B424CC43B1007E4575 /* msaa */,
				680AC2B624CC43B1007E4575 /* offscreen */,
				680AC2B824CC43B1007E4575 /* opacity */,
				680AC2BA24CC43B1007E4575 /* particles */,
				680AC2BC24CC43B1007E4575 /* reopen */,
				680AC2BE24CC43B1007E4575 /* sharing */,
				680AC2C024CC43B1007E4575 /* simple */,
				680AC2C224CC43B1007E4575 /* splitview */,
				680AC2C424CC43B1007E4575 /* tearing */,
				680AC2C624CC43B1007E4575 /* threads */,
				680AC2C824CC43B1007E4575 /* timeout */,
				680AC2CA24CC43B1007E4575 /* title */,
				680AC2CC24CC43B1007E4575 /* triangle-vulkan */,
				680AC2CE24CC43B1007E4575 /* wave */,
				680AC2D024CC43B1007E4575 /* windows */,
			);
			name = Products;
			sourceTree = "<group>";
		};
		681E2FC524CC2CB600CA45C5 /* Frameworks */ = {
			isa = PBXGroup;
			children = (
				6814F7C924CC31B2003038FC /* libglfw3.a */,
				6876B93824CF0E32003807C0 /* libglfw3.a */,
				6814F7C724CC316B003038FC /* GLUT.framework */,
				6814F7C524CC300A003038FC /* CoreVideo.framework */,
				6814F7C324CC2FFF003038FC /* IOKit.framework */,
				6814F7C124CC2FCF003038FC /* Cocoa.framework */,
				6814F7BF24CC2F9F003038FC /* OpenGL.framework */,
			);
			name = Frameworks;
			sourceTree = "<group>";
		};
		68748D9624FA4EF900630457 /* util */ = {
			isa = PBXGroup;
			children = (
				68748D9724FA4EF900630457 /* Shader.cpp */,
				68748D9824FA4EF900630457 /* Shader.hpp */,
				68748DAA24FD347F00630457 /* stb_image.cpp */,
				68748DAB24FD347F00630457 /* stb_image.hpp */,
				68748E4824FE352400630457 /* FileUtils.cpp */,
				68748E4924FE352400630457 /* FileUtils.hpp */,
				68748E4B24FE50AE00630457 /* shader_textures.vs */,
				68748E4C24FE50C000630457 /* shader_textures.fs */,
			);
			path = util;
			sourceTree = "<group>";
		};
		68748DA224FBA90500630457 /* src */ = {
			isa = PBXGroup;
			children = (
				68748DA324FBA90500630457 /* glad.c */,
			);
			path = src;
			sourceTree = "<group>";
		};
		68748DA524FBA93700630457 /* include */ = {
			isa = PBXGroup;
			children = (
				68748DA624FBA93700630457 /* KHR */,
				68748DA824FBA93700630457 /* glad */,
			);
			path = include;
			sourceTree = "<group>";
		};
		68748DA624FBA93700630457 /* KHR */ = {
			isa = PBXGroup;
			children = (
				68748DA724FBA93700630457 /* khrplatform.h */,
			);
			path = KHR;
			sourceTree = "<group>";
		};
		68748DA824FBA93700630457 /* glad */ = {
			isa = PBXGroup;
			children = (
				68748DA924FBA93700630457 /* glad.h */,
			);
			path = glad;
			sourceTree = "<group>";
		};
		68748DAD24FD34F500630457 /* resources */ = {
			isa = PBXGroup;
			children = (
				68748E3E24FD356700630457 /* audio */,
				68748DAE24FD356600630457 /* fonts */,
				68748DB424FD356600630457 /* levels */,
				68748E0024FD356700630457 /* objects */,
				68748DB924FD356600630457 /* textures */,
			);
			path = resources;
			sourceTree = "<group>";
		};
		68748DAE24FD356600630457 /* fonts */ = {
			isa = PBXGroup;
			children = (
				68748DAF24FD356600630457 /* Antonio-Regular.ttf */,
				68748DB024FD356600630457 /* SIL Open Font License.txt */,
				68748DB124FD356600630457 /* Antonio-Light.ttf */,
				68748DB224FD356600630457 /* OCRAEXT.TTF */,
				68748DB324FD356600630457 /* Antonio-Bold.ttf */,
			);
			path = fonts;
			sourceTree = "<group>";
		};
		68748DB424FD356600630457 /* levels */ = {
			isa = PBXGroup;
			children = (
				68748DB524FD356600630457 /* one.lvl */,
				68748DB624FD356600630457 /* three.lvl */,
				68748DB724FD356600630457 /* four.lvl */,
				68748DB824FD356600630457 /* two.lvl */,
			);
			path = levels;
			sourceTree = "<group>";
		};
		68748DB924FD356600630457 /* textures */ = {
			isa = PBXGroup;
			children = (
				68748DBA24FD356600630457 /* container2_specular_colored.png */,
				68748DBB24FD356600630457 /* container.jpg */,
				68748DBC24FD356600630457 /* powerup_speed.png */,
				68748DBD24FD356600630457 /* metal.png */,
				68748DBE24FD356600630457 /* block_solid.png */,
				68748DBF24FD356600630457 /* toy_box_disp.png */,
				68748DC024FD356600630457 /* container2_specular.png */,
				68748DC124FD356600630457 /* powerup_passthrough.png */,
				68748DC224FD356600630457 /* paddle.png */,
				68748DC324FD356600630457 /* hdr */,
				68748DC524FD356600630457 /* bricks2_disp.jpg */,
				68748DC624FD356600630457 /* brickwall.jpg */,
				68748DC724FD356600630457 /* toy_box_normal.png */,
				68748DC824FD356600630457 /* wood.png */,
				68748DC924FD356600630457 /* matrix.jpg */,
				68748DCA24FD356600630457 /* brickwall_normal.jpg */,
				68748DCB24FD356600630457 /* background.jpg */,
				68748DCC24FD356600630457 /* bricks2_normal.jpg */,
				68748DCD24FD356600630457 /* powerup_sticky.png */,
				68748DCE24FD356600630457 /* block.png */,
				68748DCF24FD356600630457 /* grass.png */,
				68748DD024FD356600630457 /* container2.png */,
				68748DD124FD356600630457 /* window.png */,
				68748DD224FD356600630457 /* powerup_chaos.png */,
				68748DD324FD356600630457 /* powerup_confuse.png */,
				68748DD424FD356600630457 /* awesomeface.png */,
				68748DD524FD356600630457 /* skybox */,
				68748DDC24FD356600630457 /* bricks2.jpg */,
				68748DDD24FD356600630457 /* marble.jpg */,
				68748DDE24FD356600630457 /* powerup_increase.png */,
				68748DDF24FD356600630457 /* particle.png */,
				68748DE024FD356600630457 /* toy_box_diffuse.png */,
				68748DE124FD356600630457 /* pbr */,
			);
			path = textures;
			sourceTree = "<group>";
		};
		68748DC324FD356600630457 /* hdr */ = {
			isa = PBXGroup;
			children = (
				68748DC424FD356600630457 /* newport_loft.hdr */,
			);
			path = hdr;
			sourceTree = "<group>";
		};
		68748DD524FD356600630457 /* skybox */ = {
			isa = PBXGroup;
			children = (
				68748DD624FD356600630457 /* bottom.jpg */,
				68748DD724FD356600630457 /* left.jpg */,
				68748DD824FD356600630457 /* top.jpg */,
				68748DD924FD356600630457 /* back.jpg */,
				68748DDA24FD356600630457 /* right.jpg */,
				68748DDB24FD356600630457 /* front.jpg */,
			);
			path = skybox;
			sourceTree = "<group>";
		};
		68748DE124FD356600630457 /* pbr */ = {
			isa = PBXGroup;
			children = (
				68748DE224FD356600630457 /* wall */,
				68748DE824FD356600630457 /* rusted_iron */,
				68748DEE24FD356600630457 /* grass */,
				68748DF424FD356600630457 /* gold */,
				68748DFA24FD356600630457 /* plastic */,
			);
			path = pbr;
			sourceTree = "<group>";
		};
		68748DE224FD356600630457 /* wall */ = {
			isa = PBXGroup;
			children = (
				68748DE324FD356600630457 /* albedo.png */,
				68748DE424FD356600630457 /* metallic.png */,
				68748DE524FD356600630457 /* normal.png */,
				68748DE624FD356600630457 /* ao.png */,
				68748DE724FD356600630457 /* roughness.png */,
			);
			path = wall;
			sourceTree = "<group>";
		};
		68748DE824FD356600630457 /* rusted_iron */ = {
			isa = PBXGroup;
			children = (
				68748DE924FD356600630457 /* albedo.png */,
				68748DEA24FD356600630457 /* metallic.png */,
				68748DEB24FD356600630457 /* normal.png */,
				68748DEC24FD356600630457 /* ao.png */,
				68748DED24FD356600630457 /* roughness.png */,
			);
			path = rusted_iron;
			sourceTree = "<group>";
		};
		68748DEE24FD356600630457 /* grass */ = {
			isa = PBXGroup;
			children = (
				68748DEF24FD356600630457 /* albedo.png */,
				68748DF024FD356600630457 /* metallic.png */,
				68748DF124FD356600630457 /* normal.png */,
				68748DF224FD356600630457 /* ao.png */,
				68748DF324FD356600630457 /* roughness.png */,
			);
			path = grass;
			sourceTree = "<group>";
		};
		68748DF424FD356600630457 /* gold */ = {
			isa = PBXGroup;
			children = (
				68748DF524FD356600630457 /* albedo.png */,
				68748DF624FD356600630457 /* metallic.png */,
				68748DF724FD356600630457 /* normal.png */,
				68748DF824FD356600630457 /* ao.png */,
				68748DF924FD356600630457 /* roughness.png */,
			);
			path = gold;
			sourceTree = "<group>";
		};
		68748DFA24FD356600630457 /* plastic */ = {
			isa = PBXGroup;
			children = (
				68748DFB24FD356600630457 /* albedo.png */,
				68748DFC24FD356600630457 /* metallic.png */,
				68748DFD24FD356600630457 /* normal.png */,
				68748DFE24FD356600630457 /* ao.png */,
				68748DFF24FD356600630457 /* roughness.png */,
			);
			path = plastic;
			sourceTree = "<group>";
		};
		68748E0024FD356700630457 /* objects */ = {
			isa = PBXGroup;
			children = (
				68748E0124FD356700630457 /* nanosuit */,
				68748E2324FD356700630457 /* planet */,
				68748E2824FD356700630457 /* rock */,
				68748E2C24FD356700630457 /* backpack */,
				68748E3524FD356700630457 /* cyborg */,
			);
			path = objects;
			sourceTree = "<group>";
		};
		68748E0124FD356700630457 /* nanosuit */ = {
			isa = PBXGroup;
			children = (
				68748E0224FD356700630457 /* hand_showroom_refl.png */,
				68748E0324FD356700630457 /* body_showroom_ddn.png */,
				68748E0424FD356700630457 /* helmet_showroom_ddn.png */,
				68748E0524FD356700630457 /* arm_showroom_ddn.png */,
				68748E0624FD356700630457 /* arm_showroom_spec.png */,
				68748E0724FD356700630457 /* leg_dif.png */,
				68748E0824FD356700630457 /* arm_showroom_refl.png */,
				68748E0924FD356700630457 /* cell_body_alpha.png */,
				68748E0A24FD356700630457 /* hand_showroom_spec.png */,
				68748E0B24FD356700630457 /* glass_ddn.png */,
				68748E0C24FD356700630457 /* glass_refl.png */,
				68748E0D24FD356700630457 /* cell_hand_alpha.png */,
				68748E0E24FD356700630457 /* nanosuit.mtl */,
				68748E0F24FD356700630457 /* body_dif.png */,
				68748E1024FD356700630457 /* hand_showroom_ddn.png */,
				68748E1124FD356700630457 /* body_showroom_refl.png */,
				68748E1224FD356700630457 /* glass_dif.png */,
				68748E1324FD356700630457 /* arm_dif.png */,
				68748E1424FD356700630457 /* cell_leg_alpha.png */,
				68748E1524FD356700630457 /* helmet_diff.png */,
				68748E1624FD356700630457 /* nanosuit.obj */,
				68748E1724FD356700630457 /* leg_showroom_refl.png */,
				68748E1824FD356700630457 /* cell_helmet_alpha.png */,
				68748E1924FD356700630457 /* leg_showroom_ddn.png */,
				68748E1A24FD356700630457 /* helmet_showroom_refl.png */,
				68748E1B24FD356700630457 /* cell_arm_alpha.png */,
				68748E1C24FD356700630457 /* helmet_showroom_spec.png */,
				68748E1D24FD356700630457 /* leg_showroom_spec.png */,
				68748E1E24FD356700630457 /* cell_ddn.png */,
				68748E1F24FD356700630457 /* body_showroom_spec.png */,
				68748E2024FD356700630457 /* back.jpg */,
				68748E2124FD356700630457 /* front.jpg */,
				68748E2224FD356700630457 /* hand_dif.png */,
			);
			path = nanosuit;
			sourceTree = "<group>";
		};
		68748E2324FD356700630457 /* planet */ = {
			isa = PBXGroup;
			children = (
				68748E2424FD356700630457 /* mars.png */,
				68748E2524FD356700630457 /* planet.obj */,
				68748E2624FD356700630457 /* source.txt */,
				68748E2724FD356700630457 /* planet.mtl */,
			);
			path = planet;
			sourceTree = "<group>";
		};
		68748E2824FD356700630457 /* rock */ = {
			isa = PBXGroup;
			children = (
				68748E2924FD356700630457 /* rock.obj */,
				68748E2A24FD356700630457 /* rock.png */,
				68748E2B24FD356700630457 /* rock.mtl */,
			);
			path = rock;
			sourceTree = "<group>";
		};
		68748E2C24FD356700630457 /* backpack */ = {
			isa = PBXGroup;
			children = (
				68748E2D24FD356700630457 /* source_attribution.txt */,
				68748E2E24FD356700630457 /* backpack.obj */,
				68748E2F24FD356700630457 /* diffuse.jpg */,
				68748E3024FD356700630457 /* specular.jpg */,
				68748E3124FD356700630457 /* normal.png */,
				68748E3224FD356700630457 /* ao.jpg */,
				68748E3324FD356700630457 /* roughness.jpg */,
				68748E3424FD356700630457 /* backpack.mtl */,
			);
			path = backpack;
			sourceTree = "<group>";
		};
		68748E3524FD356700630457 /* cyborg */ = {
			isa = PBXGroup;
			children = (
				68748E3624FD356700630457 /* cyborg.obj */,
				68748E3724FD356700630457 /* cyborg.blend1 */,
				68748E3824FD356700630457 /* cyborg.blend */,
				68748E3924FD356700630457 /* cyborg_normal.png */,
				68748E3A24FD356700630457 /* cyborg_diffuse.png */,
				68748E3B24FD356700630457 /* cyborg_specular.png */,
				68748E3C24FD356700630457 /* cyborg.mtl */,
				68748E3D24FD356700630457 /* LICENSE.txt */,
			);
			path = cyborg;
			sourceTree = "<group>";
		};
		68748E3E24FD356700630457 /* audio */ = {
			isa = PBXGroup;
			children = (
				68748E3F24FD356700630457 /* powerup.wav */,
				68748E4024FD356700630457 /* bleep.mp3 */,
				68748E4124FD356700630457 /* solid.wav */,
				68748E4224FD356700630457 /* bleep.wav */,
				68748E4324FD356700630457 /* breakout.mp3 */,
			);
			path = audio;
			sourceTree = "<group>";
		};
		68748E4424FD359200630457 /* test */ = {
			isa = PBXGroup;
			children = (
				68748E4524FD35D900630457 /* Test_textures.cpp */,
				68748E4624FD35D900630457 /* Test_textures.hpp */,
			);
			path = test;
			sourceTree = "<group>";
		};
/* End PBXGroup section */

/* Begin PBXNativeTarget section */
		681E2FB024CC2C9A00CA45C5 /* opengltest */ = {
			isa = PBXNativeTarget;
			buildConfigurationList = 681E2FB824CC2C9A00CA45C5 /* Build configuration list for PBXNativeTarget "opengltest" */;
			buildPhases = (
				681E2FAD24CC2C9A00CA45C5 /* Sources */,
				681E2FAE24CC2C9A00CA45C5 /* Frameworks */,
				681E2FAF24CC2C9A00CA45C5 /* CopyFiles */,
			);
			buildRules = (
			);
			dependencies = (
				6814F7CD24CC35BE003038FC /* PBXTargetDependency */,
			);
			name = opengltest;
			productName = opengltest;
			productReference = 681E2FB124CC2C9A00CA45C5 /* opengltest */;
			productType = "com.apple.product-type.tool";
		};
/* End PBXNativeTarget section */

/* Begin PBXProject section */
		681E2FA924CC2C9A00CA45C5 /* Project object */ = {
			isa = PBXProject;
			attributes = {
				LastUpgradeCheck = 0900;
				ORGANIZATIONNAME = myself;
				TargetAttributes = {
					681E2FB024CC2C9A00CA45C5 = {
						CreatedOnToolsVersion = 9.0;
						ProvisioningStyle = Automatic;
					};
				};
			};
			buildConfigurationList = 681E2FAC24CC2C9A00CA45C5 /* Build configuration list for PBXProject "opengltest" */;
			compatibilityVersion = "Xcode 8.0";
			developmentRegion = en;
			hasScannedForEncodings = 0;
			knownRegions = (
				en,
			);
			mainGroup = 681E2FA824CC2C9A00CA45C5;
			productRefGroup = 681E2FB224CC2C9A00CA45C5 /* Products */;
			projectDirPath = "";
			projectReferences = (
				{
					ProductGroup = 681E2FBC24CC2CAD00CA45C5 /* Products */;
					ProjectRef = 681E2FBB24CC2CAD00CA45C5 /* GLFW.xcodeproj */;
				},
			);
			projectRoot = "";
			targets = (
				681E2FB024CC2C9A00CA45C5 /* opengltest */,
			);
		};
/* End PBXProject section */

/* Begin PBXReferenceProxy section */
		680AC29824CC43B1007E4575 /* boing */ = {
			isa = PBXReferenceProxy;
			fileType = "compiled.mach-o.executable";
			name = boing;
			path = boing.app;
			remoteRef = 680AC29724CC43B1007E4575 /* PBXContainerItemProxy */;
			sourceTree = BUILT_PRODUCTS_DIR;
		};
		680AC29A24CC43B1007E4575 /* clipboard */ = {
			isa = PBXReferenceProxy;
			fileType = "compiled.mach-o.executable";
			path = clipboard;
			remoteRef = 680AC29924CC43B1007E4575 /* PBXContainerItemProxy */;
			sourceTree = BUILT_PRODUCTS_DIR;
		};
		680AC29C24CC43B1007E4575 /* cursor */ = {
			isa = PBXReferenceProxy;
			fileType = "compiled.mach-o.executable";
			path = cursor;
			remoteRef = 680AC29B24CC43B1007E4575 /* PBXContainerItemProxy */;
			sourceTree = BUILT_PRODUCTS_DIR;
		};
		680AC29E24CC43B1007E4575 /* empty */ = {
			isa = PBXReferenceProxy;
			fileType = "compiled.mach-o.executable";
			name = empty;
			path = empty.app;
			remoteRef = 680AC29D24CC43B1007E4575 /* PBXContainerItemProxy */;
			sourceTree = BUILT_PRODUCTS_DIR;
		};
		680AC2A024CC43B1007E4575 /* events */ = {
			isa = PBXReferenceProxy;
			fileType = "compiled.mach-o.executable";
			path = events;
			remoteRef = 680AC29F24CC43B1007E4575 /* PBXContainerItemProxy */;
			sourceTree = BUILT_PRODUCTS_DIR;
		};
		680AC2A224CC43B1007E4575 /* gamma */ = {
			isa = PBXReferenceProxy;
			fileType = "compiled.mach-o.executable";
			name = gamma;
			path = gamma.app;
			remoteRef = 680AC2A124CC43B1007E4575 /* PBXContainerItemProxy */;
			sourceTree = BUILT_PRODUCTS_DIR;
		};
		680AC2A424CC43B1007E4575 /* gears */ = {
			isa = PBXReferenceProxy;
			fileType = "compiled.mach-o.executable";
			name = gears;
			path = gears.app;
			remoteRef = 680AC2A324CC43B1007E4575 /* PBXContainerItemProxy */;
			sourceTree = BUILT_PRODUCTS_DIR;
		};
		680AC2A624CC43B1007E4575 /* glfwinfo */ = {
			isa = PBXReferenceProxy;
			fileType = "compiled.mach-o.executable";
			path = glfwinfo;
			remoteRef = 680AC2A524CC43B1007E4575 /* PBXContainerItemProxy */;
			sourceTree = BUILT_PRODUCTS_DIR;
		};
		680AC2A824CC43B1007E4575 /* heightmap */ = {
			isa = PBXReferenceProxy;
			fileType = "compiled.mach-o.executable";
			name = heightmap;
			path = heightmap.app;
			remoteRef = 680AC2A724CC43B1007E4575 /* PBXContainerItemProxy */;
			sourceTree = BUILT_PRODUCTS_DIR;
		};
		680AC2AA24CC43B1007E4575 /* icon */ = {
			isa = PBXReferenceProxy;
			fileType = "compiled.mach-o.executable";
			name = icon;
			path = icon.app;
			remoteRef = 680AC2A924CC43B1007E4575 /* PBXContainerItemProxy */;
			sourceTree = BUILT_PRODUCTS_DIR;
		};
		680AC2AC24CC43B1007E4575 /* iconify */ = {
			isa = PBXReferenceProxy;
			fileType = "compiled.mach-o.executable";
			path = iconify;
			remoteRef = 680AC2AB24CC43B1007E4575 /* PBXContainerItemProxy */;
			sourceTree = BUILT_PRODUCTS_DIR;
		};
		680AC2AE24CC43B1007E4575 /* inputlag */ = {
			isa = PBXReferenceProxy;
			fileType = "compiled.mach-o.executable";
			name = inputlag;
			path = inputlag.app;
			remoteRef = 680AC2AD24CC43B1007E4575 /* PBXContainerItemProxy */;
			sourceTree = BUILT_PRODUCTS_DIR;
		};
		680AC2B024CC43B1007E4575 /* joysticks */ = {
			isa = PBXReferenceProxy;
			fileType = "compiled.mach-o.executable";
			name = joysticks;
			path = joysticks.app;
			remoteRef = 680AC2AF24CC43B1007E4575 /* PBXContainerItemProxy */;
			sourceTree = BUILT_PRODUCTS_DIR;
		};
		680AC2B224CC43B1007E4575 /* monitors */ = {
			isa = PBXReferenceProxy;
			fileType = "compiled.mach-o.executable";
			path = monitors;
			remoteRef = 680AC2B124CC43B1007E4575 /* PBXContainerItemProxy */;
			sourceTree = BUILT_PRODUCTS_DIR;
		};
		680AC2B424CC43B1007E4575 /* msaa */ = {
			isa = PBXReferenceProxy;
			fileType = "compiled.mach-o.executable";
			path = msaa;
			remoteRef = 680AC2B324CC43B1007E4575 /* PBXContainerItemProxy */;
			sourceTree = BUILT_PRODUCTS_DIR;
		};
		680AC2B624CC43B1007E4575 /* offscreen */ = {
			isa = PBXReferenceProxy;
			fileType = "compiled.mach-o.executable";
			path = offscreen;
			remoteRef = 680AC2B524CC43B1007E4575 /* PBXContainerItemProxy */;
			sourceTree = BUILT_PRODUCTS_DIR;
		};
		680AC2B824CC43B1007E4575 /* opacity */ = {
			isa = PBXReferenceProxy;
			fileType = "compiled.mach-o.executable";
			name = opacity;
			path = opacity.app;
			remoteRef = 680AC2B724CC43B1007E4575 /* PBXContainerItemProxy */;
			sourceTree = BUILT_PRODUCTS_DIR;
		};
		680AC2BA24CC43B1007E4575 /* particles */ = {
			isa = PBXReferenceProxy;
			fileType = "compiled.mach-o.executable";
			name = particles;
			path = particles.app;
			remoteRef = 680AC2B924CC43B1007E4575 /* PBXContainerItemProxy */;
			sourceTree = BUILT_PRODUCTS_DIR;
		};
		680AC2BC24CC43B1007E4575 /* reopen */ = {
			isa = PBXReferenceProxy;
			fileType = "compiled.mach-o.executable";
			path = reopen;
			remoteRef = 680AC2BB24CC43B1007E4575 /* PBXContainerItemProxy */;
			sourceTree = BUILT_PRODUCTS_DIR;
		};
		680AC2BE24CC43B1007E4575 /* sharing */ = {
			isa = PBXReferenceProxy;
			fileType = "compiled.mach-o.executable";
			name = sharing;
			path = sharing.app;
			remoteRef = 680AC2BD24CC43B1007E4575 /* PBXContainerItemProxy */;
			sourceTree = BUILT_PRODUCTS_DIR;
		};
		680AC2C024CC43B1007E4575 /* simple */ = {
			isa = PBXReferenceProxy;
			fileType = "compiled.mach-o.executable";
			name = simple;
			path = simple.app;
			remoteRef = 680AC2BF24CC43B1007E4575 /* PBXContainerItemProxy */;
			sourceTree = BUILT_PRODUCTS_DIR;
		};
		680AC2C224CC43B1007E4575 /* splitview */ = {
			isa = PBXReferenceProxy;
			fileType = "compiled.mach-o.executable";
			name = splitview;
			path = splitview.app;
			remoteRef = 680AC2C124CC43B1007E4575 /* PBXContainerItemProxy */;
			sourceTree = BUILT_PRODUCTS_DIR;
		};
		680AC2C424CC43B1007E4575 /* tearing */ = {
			isa = PBXReferenceProxy;
			fileType = "compiled.mach-o.executable";
			name = tearing;
			path = tearing.app;
			remoteRef = 680AC2C324CC43B1007E4575 /* PBXContainerItemProxy */;
			sourceTree = BUILT_PRODUCTS_DIR;
		};
		680AC2C624CC43B1007E4575 /* threads */ = {
			isa = PBXReferenceProxy;
			fileType = "compiled.mach-o.executable";
			name = threads;
			path = threads.app;
			remoteRef = 680AC2C524CC43B1007E4575 /* PBXContainerItemProxy */;
			sourceTree = BUILT_PRODUCTS_DIR;
		};
		680AC2C824CC43B1007E4575 /* timeout */ = {
			isa = PBXReferenceProxy;
			fileType = "compiled.mach-o.executable";
			name = timeout;
			path = timeout.app;
			remoteRef = 680AC2C724CC43B1007E4575 /* PBXContainerItemProxy */;
			sourceTree = BUILT_PRODUCTS_DIR;
		};
		680AC2CA24CC43B1007E4575 /* title */ = {
			isa = PBXReferenceProxy;
			fileType = "compiled.mach-o.executable";
			name = title;
			path = title.app;
			remoteRef = 680AC2C924CC43B1007E4575 /* PBXContainerItemProxy */;
			sourceTree = BUILT_PRODUCTS_DIR;
		};
		680AC2CC24CC43B1007E4575 /* triangle-vulkan */ = {
			isa = PBXReferenceProxy;
			fileType = "compiled.mach-o.executable";
			path = "triangle-vulkan";
			remoteRef = 680AC2CB24CC43B1007E4575 /* PBXContainerItemProxy */;
			sourceTree = BUILT_PRODUCTS_DIR;
		};
		680AC2CE24CC43B1007E4575 /* wave */ = {
			isa = PBXReferenceProxy;
			fileType = "compiled.mach-o.executable";
			name = wave;
			path = wave.app;
			remoteRef = 680AC2CD24CC43B1007E4575 /* PBXContainerItemProxy */;
			sourceTree = BUILT_PRODUCTS_DIR;
		};
		680AC2D024CC43B1007E4575 /* windows */ = {
			isa = PBXReferenceProxy;
			fileType = "compiled.mach-o.executable";
			name = windows;
			path = windows.app;
			remoteRef = 680AC2CF24CC43B1007E4575 /* PBXContainerItemProxy */;
			sourceTree = BUILT_PRODUCTS_DIR;
		};
		681E2FC424CC2CAD00CA45C5 /* libglfw3.a */ = {
			isa = PBXReferenceProxy;
			fileType = archive.ar;
			path = libglfw3.a;
			remoteRef = 681E2FC324CC2CAD00CA45C5 /* PBXContainerItemProxy */;
			sourceTree = BUILT_PRODUCTS_DIR;
		};
/* End PBXReferenceProxy section */

/* Begin PBXSourcesBuildPhase section */
		681E2FAD24CC2C9A00CA45C5 /* Sources */ = {
			isa = PBXSourcesBuildPhase;
			buildActionMask = 2147483647;
			files = (
				68748DAC24FD347F00630457 /* stb_image.cpp in Sources */,
				68748E4724FD35D900630457 /* Test_textures.cpp in Sources */,
				681E2FB524CC2C9A00CA45C5 /* main.cpp in Sources */,
				68748E4A24FE352400630457 /* FileUtils.cpp in Sources */,
				68748DA424FBA90500630457 /* glad.c in Sources */,
			);
			runOnlyForDeploymentPostprocessing = 0;
		};
/* End PBXSourcesBuildPhase section */

/* Begin PBXTargetDependency section */
		6814F7CD24CC35BE003038FC /* PBXTargetDependency */ = {
			isa = PBXTargetDependency;
			name = glfw;
			targetProxy = 6814F7CC24CC35BE003038FC /* PBXContainerItemProxy */;
		};
/* End PBXTargetDependency section */

/* Begin XCBuildConfiguration section */
		681E2FB624CC2C9A00CA45C5 /* Debug */ = {
			isa = XCBuildConfiguration;
			buildSettings = {
				ALWAYS_SEARCH_USER_PATHS = NO;
				ARCHS = "$(ARCHS_STANDARD)";
				CLANG_ANALYZER_NONNULL = YES;
				CLANG_ANALYZER_NUMBER_OBJECT_CONVERSION = YES_AGGRESSIVE;
				CLANG_CXX_LANGUAGE_STANDARD = "gnu++14";
				CLANG_CXX_LIBRARY = "libc++";
				CLANG_ENABLE_MODULES = YES;
				CLANG_ENABLE_OBJC_ARC = YES;
				CLANG_WARN_BLOCK_CAPTURE_AUTORELEASING = YES;
				CLANG_WARN_BOOL_CONVERSION = YES;
				CLANG_WARN_COMMA = YES;
				CLANG_WARN_CONSTANT_CONVERSION = YES;
				CLANG_WARN_DIRECT_OBJC_ISA_USAGE = YES_ERROR;
				CLANG_WARN_DOCUMENTATION_COMMENTS = YES;
				CLANG_WARN_EMPTY_BODY = YES;
				CLANG_WARN_ENUM_CONVERSION = YES;
				CLANG_WARN_INFINITE_RECURSION = YES;
				CLANG_WARN_INT_CONVERSION = YES;
				CLANG_WARN_NON_LITERAL_NULL_CONVERSION = YES;
				CLANG_WARN_OBJC_LITERAL_CONVERSION = YES;
				CLANG_WARN_OBJC_ROOT_CLASS = YES_ERROR;
				CLANG_WARN_RANGE_LOOP_ANALYSIS = YES;
				CLANG_WARN_STRICT_PROTOTYPES = YES;
				CLANG_WARN_SUSPICIOUS_MOVE = YES;
				CLANG_WARN_UNGUARDED_AVAILABILITY = YES_AGGRESSIVE;
				CLANG_WARN_UNREACHABLE_CODE = YES;
				CLANG_WARN__DUPLICATE_METHOD_MATCH = YES;
				CODE_SIGN_IDENTITY = "-";
				COPY_PHASE_STRIP = NO;
				DEBUG_INFORMATION_FORMAT = dwarf;
				ENABLE_STRICT_OBJC_MSGSEND = YES;
				ENABLE_TESTABILITY = YES;
				GCC_C_LANGUAGE_STANDARD = gnu11;
				GCC_DYNAMIC_NO_PIC = NO;
				GCC_NO_COMMON_BLOCKS = YES;
				GCC_OPTIMIZATION_LEVEL = 0;
				GCC_PREPROCESSOR_DEFINITIONS = (
					"DEBUG=1",
					"$(inherited)",
				);
				GCC_WARN_64_TO_32_BIT_CONVERSION = YES;
				GCC_WARN_ABOUT_RETURN_TYPE = YES_ERROR;
				GCC_WARN_UNDECLARED_SELECTOR = YES;
				GCC_WARN_UNINITIALIZED_AUTOS = YES_AGGRESSIVE;
				GCC_WARN_UNUSED_FUNCTION = YES;
				GCC_WARN_UNUSED_VARIABLE = YES;
				MACOSX_DEPLOYMENT_TARGET = 10.13;
				MTL_ENABLE_DEBUG_INFO = YES;
				ONLY_ACTIVE_ARCH = YES;
				SDKROOT = macosx;
			};
			name = Debug;
		};
		681E2FB724CC2C9A00CA45C5 /* Release */ = {
			isa = XCBuildConfiguration;
			buildSettings = {
				ALWAYS_SEARCH_USER_PATHS = NO;
				ARCHS = "$(ARCHS_STANDARD)";
				CLANG_ANALYZER_NONNULL = YES;
				CLANG_ANALYZER_NUMBER_OBJECT_CONVERSION = YES_AGGRESSIVE;
				CLANG_CXX_LANGUAGE_STANDARD = "gnu++14";
				CLANG_CXX_LIBRARY = "libc++";
				CLANG_ENABLE_MODULES = YES;
				CLANG_ENABLE_OBJC_ARC = YES;
				CLANG_WARN_BLOCK_CAPTURE_AUTORELEASING = YES;
				CLANG_WARN_BOOL_CONVERSION = YES;
				CLANG_WARN_COMMA = YES;
				CLANG_WARN_CONSTANT_CONVERSION = YES;
				CLANG_WARN_DIRECT_OBJC_ISA_USAGE = YES_ERROR;
				CLANG_WARN_DOCUMENTATION_COMMENTS = YES;
				CLANG_WARN_EMPTY_BODY = YES;
				CLANG_WARN_ENUM_CONVERSION = YES;
				CLANG_WARN_INFINITE_RECURSION = YES;
				CLANG_WARN_INT_CONVERSION = YES;
				CLANG_WARN_NON_LITERAL_NULL_CONVERSION = YES;
				CLANG_WARN_OBJC_LITERAL_CONVERSION = YES;
				CLANG_WARN_OBJC_ROOT_CLASS = YES_ERROR;
				CLANG_WARN_RANGE_LOOP_ANALYSIS = YES;
				CLANG_WARN_STRICT_PROTOTYPES = YES;
				CLANG_WARN_SUSPICIOUS_MOVE = YES;
				CLANG_WARN_UNGUARDED_AVAILABILITY = YES_AGGRESSIVE;
				CLANG_WARN_UNREACHABLE_CODE = YES;
				CLANG_WARN__DUPLICATE_METHOD_MATCH = YES;
				CODE_SIGN_IDENTITY = "-";
				COPY_PHASE_STRIP = NO;
				DEBUG_INFORMATION_FORMAT = "dwarf-with-dsym";
				ENABLE_NS_ASSERTIONS = NO;
				ENABLE_STRICT_OBJC_MSGSEND = YES;
				GCC_C_LANGUAGE_STANDARD = gnu11;
				GCC_NO_COMMON_BLOCKS = YES;
				GCC_WARN_64_TO_32_BIT_CONVERSION = YES;
				GCC_WARN_ABOUT_RETURN_TYPE = YES_ERROR;
				GCC_WARN_UNDECLARED_SELECTOR = YES;
				GCC_WARN_UNINITIALIZED_AUTOS = YES_AGGRESSIVE;
				GCC_WARN_UNUSED_FUNCTION = YES;
				GCC_WARN_UNUSED_VARIABLE = YES;
				MACOSX_DEPLOYMENT_TARGET = 10.13;
				MTL_ENABLE_DEBUG_INFO = NO;
				ONLY_ACTIVE_ARCH = YES;
				SDKROOT = macosx;
			};
			name = Release;
		};
		681E2FB924CC2C9A00CA45C5 /* Debug */ = {
			isa = XCBuildConfiguration;
			buildSettings = {
				CLANG_ENABLE_MODULES = YES;
				CODE_SIGN_STYLE = Automatic;
				GCC_PREPROCESSOR_DEFINITIONS = (
					"DEBUG=1",
					"$(inherited)",
				);
				HEADER_SEARCH_PATHS = (
					"$(PROJECT_DIR)/opengltest/include",
					"$(PROJECT_DIR)/../glfw-3.3.2/include",
				);
				LIBRARY_SEARCH_PATHS = (
					"$(inherited)",
					"$(PROJECT_DIR)",
				);
				ONLY_ACTIVE_ARCH = YES;
				OTHER_LDFLAGS = /usr/lib/libz.dylib;
				PRODUCT_NAME = "$(TARGET_NAME)";
				VALID_ARCHS = "x86_64 i386";
			};
			name = Debug;
		};
		681E2FBA24CC2C9A00CA45C5 /* Release */ = {
			isa = XCBuildConfiguration;
			buildSettings = {
				CLANG_ENABLE_MODULES = YES;
				CODE_SIGN_STYLE = Automatic;
				HEADER_SEARCH_PATHS = (
					"$(PROJECT_DIR)/opengltest/include",
					"$(PROJECT_DIR)/../glfw-3.3.2/include",
				);
				LIBRARY_SEARCH_PATHS = (
					"$(inherited)",
					"$(PROJECT_DIR)",
				);
				ONLY_ACTIVE_ARCH = YES;
				OTHER_LDFLAGS = /usr/lib/libz.dylib;
				PRODUCT_NAME = "$(TARGET_NAME)";
				VALID_ARCHS = "x86_64 i386";
			};
			name = Release;
		};
/* End XCBuildConfiguration section */

/* Begin XCConfigurationList section */
		681E2FAC24CC2C9A00CA45C5 /* Build configuration list for PBXProject "opengltest" */ = {
			isa = XCConfigurationList;
			buildConfigurations = (
				681E2FB624CC2C9A00CA45C5 /* Debug */,
				681E2FB724CC2C9A00CA45C5 /* Release */,
			);
			defaultConfigurationIsVisible = 0;
			defaultConfigurationName = Release;
		};
		681E2FB824CC2C9A00CA45C5 /* Build configuration list for PBXNativeTarget "opengltest" */ = {
			isa = XCConfigurationList;
			buildConfigurations = (
				681E2FB924CC2C9A00CA45C5 /* Debug */,
				681E2FBA24CC2C9A00CA45C5 /* Release */,
			);
			defaultConfigurationIsVisible = 0;
			defaultConfigurationName = Release;
		};
/* End XCConfigurationList section */
	};
	rootObject = 681E2FA924CC2C9A00CA45C5 /* Project object */;
}
